
Microsoft Visual Studio Solution File, Format Version 12.00
# Visual Studio Version 17
VisualStudioVersion = 17.12.35728.132
MinimumVisualStudioVersion = 10.0.40219.1
Project("{8BC9CEB8-8B4A-11D0-8D11-00A0C91BC942}") = "Pointers", "Pointers\Pointers.vcxproj", "{E6D28069-5149-4ABA-B40E-4E695A60C870}"
EndProject
Project("{8BC9CEB8-8B4A-11D0-8D11-00A0C91BC942}") = "TransferParametres", "TransferParametres\TransferParametres.vcxproj", "{677653AD-D2AE-4A24-A726-5A58ED2FF7D0}"
EndProject
Project("{8BC9CEB8-8B4A-11D0-8D11-00A0C91BC942}") = "MyPointers", "MyPointers\MyPointers.vcxproj", "{30E8059B-EAAB-4B25-87E0-99295F55F3B7}"
EndProject
Project("{8BC9CEB8-8B4A-11D0-8D11-00A0C91BC942}") = "DenamikVemory", "DenamikVemory\DenamikVemory.vcxproj", "{8A25B3CB-9377-4A08-A7FF-5F5C05CA1AE2}"
EndProject
Global
	GlobalSection(SolutionConfigurationPlatforms) = preSolution
		Debug|x64 = Debug|x64
		Debug|x86 = Debug|x86
		Release|x64 = Release|x64
		Release|x86 = Release|x86
	EndGlobalSection
	GlobalSection(ProjectConfigurationPlatforms) = postSolution
		{E6D28069-5149-4ABA-B40E-4E695A60C870}.Debug|x64.ActiveCfg = Debug|x64
		{E6D28069-5149-4ABA-B40E-4E695A60C870}.Debug|x64.Build.0 = Debug|x64
		{E6D28069-5149-4ABA-B40E-4E695A60C870}.Debug|x86.ActiveCfg = Debug|Win32
		{E6D28069-5149-4ABA-B40E-4E695A60C870}.Debug|x86.Build.0 = Debug|Win32
		{E6D28069-5149-4ABA-B40E-4E695A60C870}.Release|x64.ActiveCfg = Release|x64
		{E6D28069-5149-4ABA-B40E-4E695A60C870}.Release|x64.Build.0 = Release|x64
		{E6D28069-5149-4ABA-B40E-4E695A60C870}.Release|x86.ActiveCfg = Release|Win32
		{E6D28069-5149-4ABA-B40E-4E695A60C870}.Release|x86.Build.0 = Release|Win32
		{677653AD-D2AE-4A24-A726-5A58ED2FF7D0}.Debug|x64.ActiveCfg = Debug|x64
		{677653AD-D2AE-4A24-A726-5A58ED2FF7D0}.Debug|x64.Build.0 = Debug|x64
		{677653AD-D2AE-4A24-A726-5A58ED2FF7D0}.Debug|x86.ActiveCfg = Debug|Win32
		{677653AD-D2AE-4A24-A726-5A58ED2FF7D0}.Debug|x86.Build.0 = Debug|Win32
		{677653AD-D2AE-4A24-A726-5A58ED2FF7D0}.Release|x64.ActiveCfg = Release|x64
		{677653AD-D2AE-4A24-A726-5A58ED2FF7D0}.Release|x64.Build.0 = Release|x64
		{677653AD-D2AE-4A24-A726-5A58ED2FF7D0}.Release|x86.ActiveCfg = Release|Win32
		{677653AD-D2AE-4A24-A726-5A58ED2FF7D0}.Release|x86.Build.0 = Release|Win32
		{30E8059B-EAAB-4B25-87E0-99295F55F3B7}.Debug|x64.ActiveCfg = Debug|x64
		{30E8059B-EAAB-4B25-87E0-99295F55F3B7}.Debug|x64.Build.0 = Debug|x64
		{30E8059B-EAAB-4B25-87E0-99295F55F3B7}.Debug|x86.ActiveCfg = Debug|Win32
		{30E8059B-EAAB-4B25-87E0-99295F55F3B7}.Debug|x86.Build.0 = Debug|Win32
		{30E8059B-EAAB-4B25-87E0-99295F55F3B7}.Release|x64.ActiveCfg = Release|x64
		{30E8059B-EAAB-4B25-87E0-99295F55F3B7}.Release|x64.Build.0 = Release|x64
		{30E8059B-EAAB-4B25-87E0-99295F55F3B7}.Release|x86.ActiveCfg = Release|Win32
		{30E8059B-EAAB-4B25-87E0-99295F55F3B7}.Release|x86.Build.0 = Release|Win32
		{8A25B3CB-9377-4A08-A7FF-5F5C05CA1AE2}.Debug|x64.ActiveCfg = Debug|x64
		{8A25B3CB-9377-4A08-A7FF-5F5C05CA1AE2}.Debug|x64.Build.0 = Debug|x64
		{8A25B3CB-9377-4A08-A7FF-5F5C05CA1AE2}.Debug|x86.ActiveCfg = Debug|Win32
		{8A25B3CB-9377-4A08-A7FF-5F5C05CA1AE2}.Debug|x86.Build.0 = Debug|Win32
		{8A25B3CB-9377-4A08-A7FF-5F5C05CA1AE2}.Release|x64.ActiveCfg = Release|x64
		{8A25B3CB-9377-4A08-A7FF-5F5C05CA1AE2}.Release|x64.Build.0 = Release|x64
		{8A25B3CB-9377-4A08-A7FF-5F5C05CA1AE2}.Release|x86.ActiveCfg = Release|Win32
		{8A25B3CB-9377-4A08-A7FF-5F5C05CA1AE2}.Release|x86.Build.0 = Release|Win32
	EndGlobalSection
	GlobalSection(SolutionProperties) = preSolution
		HideSolutionNode = FALSE
	EndGlobalSection
EndGlobal
